
Microsoft Visual Studio Solution File, Format Version 12.00
# Visual Studio Version 16
VisualStudioVersion = 16.0.36422.26
MinimumVisualStudioVersion = 10.0.40219.1
Project("{FAE04EC0-301F-11D3-BF4B-00C04F79EFBC}") = "Quotation Maker", "Quotation Maker\Quotation Maker.csproj", "{6C7BE8C0-9811-4910-A02F-52E0242775DB}"
EndProject
Global
	GlobalSection(SolutionConfigurationPlatforms) = preSolution
		Debug|Any CPU = Debug|Any CPU
		Release|Any CPU = Release|Any CPU
	EndGlobalSection
	GlobalSection(ProjectConfigurationPlatforms) = postSolution
		{6C7BE8C0-9811-4910-A02F-52E0242775DB}.Debug|Any CPU.ActiveCfg = Debug|Any CPU
		{6C7BE8C0-9811-4910-A02F-52E0242775DB}.Debug|Any CPU.Build.0 = Debug|Any CPU
		{6C7BE8C0-9811-4910-A02F-52E0242775DB}.Release|Any CPU.ActiveCfg = Release|Any CPU
		{6C7BE8C0-9811-4910-A02F-52E0242775DB}.Release|Any CPU.Build.0 = Release|Any CPU
	EndGlobalSection
	GlobalSection(SolutionProperties) = preSolution
		HideSolutionNode = FALSE
	EndGlobalSection
	GlobalSection(ExtensibilityGlobals) = postSolution
		SolutionGuid = {5149A196-49D2-4D78-8371-37FF09291EE5}
	EndGlobalSection
EndGlobal
